
Microsoft Visual Studio Solution File, Format Version 12.00
# Visual Studio Version 17
VisualStudioVersion = 17.13.35913.81 d17.13
MinimumVisualStudioVersion = 10.0.40219.1
Project("{FAE04EC0-301F-11D3-BF4B-00C04F79EFBC}") = "MyBandTour_UH", "MyBandTour_UH\MyBandTour_UH.csproj", "{4104B4CF-90B2-4AE3-B3B1-3F60D76CA21A}"
EndProject
Global
	GlobalSection(SolutionConfigurationPlatforms) = preSolution
		Debug|Any CPU = Debug|Any CPU
		Release|Any CPU = Release|Any CPU
	EndGlobalSection
	GlobalSection(ProjectConfigurationPlatforms) = postSolution
		{4104B4CF-90B2-4AE3-B3B1-3F60D76CA21A}.Debug|Any CPU.ActiveCfg = Debug|Any CPU
		{4104B4CF-90B2-4AE3-B3B1-3F60D76CA21A}.Debug|Any CPU.Build.0 = Debug|Any CPU
		{4104B4CF-90B2-4AE3-B3B1-3F60D76CA21A}.Release|Any CPU.ActiveCfg = Release|Any CPU
		{4104B4CF-90B2-4AE3-B3B1-3F60D76CA21A}.Release|Any CPU.Build.0 = Release|Any CPU
	EndGlobalSection
	GlobalSection(SolutionProperties) = preSolution
		HideSolutionNode = FALSE
	EndGlobalSection
	GlobalSection(ExtensibilityGlobals) = postSolution
		SolutionGuid = {BBDFCED2-88D1-469D-B704-C8089CD1BCD2}
	EndGlobalSection
EndGlobal
